// !$*UTF8*$!
{
	archiveVersion = 1;
	classes = {
	};
	objectVersion = 50;
	objects = {

/* Begin PBXBuildFile section */
		176CD6BECDC8E14C1459D211 /* Pods_CookMania.framework in Frameworks */ = {isa = PBXBuildFile; fileRef = 747431A0824657B3C9112F01 /* Pods_CookMania.framework */; };
		2608CEBE218D0D8E008A706E /* AppDelegate.swift in Sources */ = {isa = PBXBuildFile; fileRef = 2608CEBD218D0D8E008A706E /* AppDelegate.swift */; };
		2608CEC0218D0D8E008A706E /* SignInViewController.swift in Sources */ = {isa = PBXBuildFile; fileRef = 2608CEBF218D0D8E008A706E /* SignInViewController.swift */; };
		2608CEC3218D0D8E008A706E /* Main.storyboard in Resources */ = {isa = PBXBuildFile; fileRef = 2608CEC1218D0D8E008A706E /* Main.storyboard */; };
		2608CEC6218D0D8E008A706E /* CookMania.xcdatamodeld in Sources */ = {isa = PBXBuildFile; fileRef = 2608CEC4218D0D8E008A706E /* CookMania.xcdatamodeld */; };
		2608CEC8218D0D9B008A706E /* Assets.xcassets in Resources */ = {isa = PBXBuildFile; fileRef = 2608CEC7218D0D9B008A706E /* Assets.xcassets */; };
		2608CECB218D0D9B008A706E /* LaunchScreen.storyboard in Resources */ = {isa = PBXBuildFile; fileRef = 2608CEC9218D0D9B008A706E /* LaunchScreen.storyboard */; };
		2608CED3218D0FD6008A706E /* HomeViewController.swift in Sources */ = {isa = PBXBuildFile; fileRef = 2608CED2218D0FD6008A706E /* HomeViewController.swift */; };
		260917CD219C70AC00C713C6 /* Step.swift in Sources */ = {isa = PBXBuildFile; fileRef = 260917CC219C70AC00C713C6 /* Step.swift */; };
		260917CF219C716900C713C6 /* Ingredient.swift in Sources */ = {isa = PBXBuildFile; fileRef = 260917CE219C716900C713C6 /* Ingredient.swift */; };
		26101082218FA85900E8344F /* Recipe.swift in Sources */ = {isa = PBXBuildFile; fileRef = 26101081218FA85900E8344F /* Recipe.swift */; };
		26101084218FAE0B00E8344F /* RecipeListViewController.swift in Sources */ = {isa = PBXBuildFile; fileRef = 26101083218FAE0B00E8344F /* RecipeListViewController.swift */; };
		26101086218FC37B00E8344F /* FavoritesViewController.swift in Sources */ = {isa = PBXBuildFile; fileRef = 26101085218FC37B00E8344F /* FavoritesViewController.swift */; };
		2610108A218FC3D500E8344F /* ShoppingListViewController.swift in Sources */ = {isa = PBXBuildFile; fileRef = 26101089218FC3D500E8344F /* ShoppingListViewController.swift */; };
		262543AD21935E55003601A4 /* SearchViewController.swift in Sources */ = {isa = PBXBuildFile; fileRef = 262543AC21935E55003601A4 /* SearchViewController.swift */; };
		262543AF21935E6C003601A4 /* ProfileViewController.swift in Sources */ = {isa = PBXBuildFile; fileRef = 262543AE21935E6C003601A4 /* ProfileViewController.swift */; };
		262543B121937811003601A4 /* GradientView.swift in Sources */ = {isa = PBXBuildFile; fileRef = 262543B021937811003601A4 /* GradientView.swift */; };
		2689B75921AF3E96007BBC54 /* ActionSegmentControl.swift in Sources */ = {isa = PBXBuildFile; fileRef = 2689B75821AF3E96007BBC54 /* ActionSegmentControl.swift */; };
		2689B75B21AF4E87007BBC54 /* AddStepViewController.swift in Sources */ = {isa = PBXBuildFile; fileRef = 2689B75A21AF4E86007BBC54 /* AddStepViewController.swift */; };
		269F7DDC219F4EDE00478F20 /* RecipeService.swift in Sources */ = {isa = PBXBuildFile; fileRef = 269F7DDB219F4EDE00478F20 /* RecipeService.swift */; };
		26B9E89D219457A000E326F3 /* VKCheckBox.swift in Sources */ = {isa = PBXBuildFile; fileRef = 26B9E89C2194579F00E326F3 /* VKCheckBox.swift */; };
		26D3679221AE002000D7EEF8 /* ActionTextField.swift in Sources */ = {isa = PBXBuildFile; fileRef = 26D3679121AE002000D7EEF8 /* ActionTextField.swift */; };
		26F92255219CB07300E55B09 /* Constants.swift in Sources */ = {isa = PBXBuildFile; fileRef = 26F92254219CB07200E55B09 /* Constants.swift */; };
		C31E1F5521D0145000786771 /* MenuItem.swift in Sources */ = {isa = PBXBuildFile; fileRef = C31E1F5421D0145000786771 /* MenuItem.swift */; };
		C31E1F5721D037C400786771 /* UserFormViewController.swift in Sources */ = {isa = PBXBuildFile; fileRef = C31E1F5621D037C400786771 /* UserFormViewController.swift */; };
		C31E1F5921D0524200786771 /* FormTableViewController.swift in Sources */ = {isa = PBXBuildFile; fileRef = C31E1F5821D0524200786771 /* FormTableViewController.swift */; };
		C324D9BD21AF1C9300D9C5E8 /* RecipeService_Seif.swift in Sources */ = {isa = PBXBuildFile; fileRef = C324D9BC21AF1C9300D9C5E8 /* RecipeService_Seif.swift */; };
		C324D9C121AF391600D9C5E8 /* FavoriteHelper.swift in Sources */ = {isa = PBXBuildFile; fileRef = C324D9C021AF391600D9C5E8 /* FavoriteHelper.swift */; };
		C325704F21C3C91B005B5BA1 /* NotificationUtils.swift in Sources */ = {isa = PBXBuildFile; fileRef = C325704E21C3C91B005B5BA1 /* NotificationUtils.swift */; };
		C32B1C7B2194DE7800153DC9 /* SignUpViewController.swift in Sources */ = {isa = PBXBuildFile; fileRef = C32B1C7A2194DE7800153DC9 /* SignUpViewController.swift */; };
		C32B1C7D2194DF2600153DC9 /* RecipeDetailsViewController.swift in Sources */ = {isa = PBXBuildFile; fileRef = C32B1C7C2194DF2600153DC9 /* RecipeDetailsViewController.swift */; };
		C32B1C7F2194E10400153DC9 /* AddRecipeViewController.swift in Sources */ = {isa = PBXBuildFile; fileRef = C32B1C7E2194E10400153DC9 /* AddRecipeViewController.swift */; };
		C32B1C832194E21B00153DC9 /* SettingsViewController.swift in Sources */ = {isa = PBXBuildFile; fileRef = C32B1C822194E21B00153DC9 /* SettingsViewController.swift */; };
		C32B1C852194EA0E00153DC9 /* BlitzViewController.swift in Sources */ = {isa = PBXBuildFile; fileRef = C32B1C842194EA0E00153DC9 /* BlitzViewController.swift */; };
		C32B1C872194EE3E00153DC9 /* SearchResultViewController.swift in Sources */ = {isa = PBXBuildFile; fileRef = C32B1C862194EE3E00153DC9 /* SearchResultViewController.swift */; };
		C32B1C892194EEEE00153DC9 /* User.swift in Sources */ = {isa = PBXBuildFile; fileRef = C32B1C882194EEEE00153DC9 /* User.swift */; };
		C3378CE521C1A6A2007DCBC1 /* GoogleService-Info.plist in Resources */ = {isa = PBXBuildFile; fileRef = C3378CE421C1A6A2007DCBC1 /* GoogleService-Info.plist */; };
		C3474AA121A0BCD6005EADBC /* UserService.swift in Sources */ = {isa = PBXBuildFile; fileRef = C3474AA021A0BCD6005EADBC /* UserService.swift */; };
		C3474AA521A0BE4D005EADBC /* ServiceUtils.swift in Sources */ = {isa = PBXBuildFile; fileRef = C3474AA421A0BE4D005EADBC /* ServiceUtils.swift */; };
		C34BE80121ADE3B900D050EF /* FollowingViewController.swift in Sources */ = {isa = PBXBuildFile; fileRef = C34BE80021ADE3B900D050EF /* FollowingViewController.swift */; };
		C35BBB61219B5059007CA580 /* GradientViewSecond.swift in Sources */ = {isa = PBXBuildFile; fileRef = C35BBB60219B5058007CA580 /* GradientViewSecond.swift */; };
		C36AC734219E08D20070CDE8 /* Experience.swift in Sources */ = {isa = PBXBuildFile; fileRef = C36AC733219E08D20070CDE8 /* Experience.swift */; };
		C36AC737219E0CF30070CDE8 /* ExperienceService.swift in Sources */ = {isa = PBXBuildFile; fileRef = C36AC736219E0CF30070CDE8 /* ExperienceService.swift */; };
		C37A4C0121D1C17C009AC30A /* FormUtils.swift in Sources */ = {isa = PBXBuildFile; fileRef = C37A4C0021D1C17C009AC30A /* FormUtils.swift */; };
		C3834A3A21B9A913006CE670 /* UIColor.swift in Sources */ = {isa = PBXBuildFile; fileRef = C3834A3921B9A913006CE670 /* UIColor.swift */; };
		C39665A721B00A8000C73AE5 /* AddExperienceViewController.swift in Sources */ = {isa = PBXBuildFile; fileRef = C39665A621B00A8000C73AE5 /* AddExperienceViewController.swift */; };
		C3995DDD21964CE800179246 /* CommunityViewController.swift in Sources */ = {isa = PBXBuildFile; fileRef = C3995DDC21964CE800179246 /* CommunityViewController.swift */; };
		C3BB062921C2AA2A00516BB7 /* MainTabLayoutViewController.swift in Sources */ = {isa = PBXBuildFile; fileRef = C3BB062821C2AA2A00516BB7 /* MainTabLayoutViewController.swift */; };
		C3C6187B21A23D39006908F4 /* MyRecipesViewController.swift in Sources */ = {isa = PBXBuildFile; fileRef = C3C6187A21A23D39006908F4 /* MyRecipesViewController.swift */; };
		C3DC90CC21A1AEDC0053094A /* UIUtils.swift in Sources */ = {isa = PBXBuildFile; fileRef = C3DC90CB21A1AEDC0053094A /* UIUtils.swift */; };
		C3EED56D21CDAF33006C2FC3 /* TimerViewController.swift in Sources */ = {isa = PBXBuildFile; fileRef = C3EED56C21CDAF33006C2FC3 /* TimerViewController.swift */; };
		C3FE11EE21A35231007D5F16 /* FollowersViewController.swift in Sources */ = {isa = PBXBuildFile; fileRef = C3FE11ED21A35231007D5F16 /* FollowersViewController.swift */; };
		C3FE11F021A35298007D5F16 /* Following.swift in Sources */ = {isa = PBXBuildFile; fileRef = C3FE11EF21A35298007D5F16 /* Following.swift */; };
/* End PBXBuildFile section */

/* Begin PBXFileReference section */
		2608CEBA218D0D8E008A706E /* CookMania.app */ = {isa = PBXFileReference; explicitFileType = wrapper.application; includeInIndex = 0; path = CookMania.app; sourceTree = BUILT_PRODUCTS_DIR; };
		2608CEBD218D0D8E008A706E /* AppDelegate.swift */ = {isa = PBXFileReference; lastKnownFileType = sourcecode.swift; path = AppDelegate.swift; sourceTree = "<group>"; };
		2608CEBF218D0D8E008A706E /* SignInViewController.swift */ = {isa = PBXFileReference; lastKnownFileType = sourcecode.swift; path = SignInViewController.swift; sourceTree = "<group>"; };
		2608CEC2218D0D8E008A706E /* Base */ = {isa = PBXFileReference; lastKnownFileType = file.storyboard; name = Base; path = Base.lproj/Main.storyboard; sourceTree = "<group>"; };
		2608CEC5218D0D8E008A706E /* CookMania.xcdatamodel */ = {isa = PBXFileReference; lastKnownFileType = wrapper.xcdatamodel; path = CookMania.xcdatamodel; sourceTree = "<group>"; };
		2608CEC7218D0D9B008A706E /* Assets.xcassets */ = {isa = PBXFileReference; lastKnownFileType = folder.assetcatalog; path = Assets.xcassets; sourceTree = "<group>"; };
		2608CECA218D0D9B008A706E /* Base */ = {isa = PBXFileReference; lastKnownFileType = file.storyboard; name = Base; path = Base.lproj/LaunchScreen.storyboard; sourceTree = "<group>"; };
		2608CECC218D0D9B008A706E /* Info.plist */ = {isa = PBXFileReference; lastKnownFileType = text.plist.xml; path = Info.plist; sourceTree = "<group>"; };
		2608CED2218D0FD6008A706E /* HomeViewController.swift */ = {isa = PBXFileReference; lastKnownFileType = sourcecode.swift; path = HomeViewController.swift; sourceTree = "<group>"; };
		260917CC219C70AC00C713C6 /* Step.swift */ = {isa = PBXFileReference; lastKnownFileType = sourcecode.swift; path = Step.swift; sourceTree = "<group>"; };
		260917CE219C716900C713C6 /* Ingredient.swift */ = {isa = PBXFileReference; lastKnownFileType = sourcecode.swift; path = Ingredient.swift; sourceTree = "<group>"; };
		26101081218FA85900E8344F /* Recipe.swift */ = {isa = PBXFileReference; lastKnownFileType = sourcecode.swift; path = Recipe.swift; sourceTree = "<group>"; };
		26101083218FAE0B00E8344F /* RecipeListViewController.swift */ = {isa = PBXFileReference; lastKnownFileType = sourcecode.swift; path = RecipeListViewController.swift; sourceTree = "<group>"; };
		26101085218FC37B00E8344F /* FavoritesViewController.swift */ = {isa = PBXFileReference; lastKnownFileType = sourcecode.swift; path = FavoritesViewController.swift; sourceTree = "<group>"; };
		26101089218FC3D500E8344F /* ShoppingListViewController.swift */ = {isa = PBXFileReference; lastKnownFileType = sourcecode.swift; path = ShoppingListViewController.swift; sourceTree = "<group>"; };
		262543AC21935E55003601A4 /* SearchViewController.swift */ = {isa = PBXFileReference; lastKnownFileType = sourcecode.swift; path = SearchViewController.swift; sourceTree = "<group>"; };
		262543AE21935E6C003601A4 /* ProfileViewController.swift */ = {isa = PBXFileReference; lastKnownFileType = sourcecode.swift; path = ProfileViewController.swift; sourceTree = "<group>"; };
		262543B021937811003601A4 /* GradientView.swift */ = {isa = PBXFileReference; lastKnownFileType = sourcecode.swift; path = GradientView.swift; sourceTree = "<group>"; };
		2689B75821AF3E96007BBC54 /* ActionSegmentControl.swift */ = {isa = PBXFileReference; lastKnownFileType = sourcecode.swift; path = ActionSegmentControl.swift; sourceTree = "<group>"; };
		2689B75A21AF4E86007BBC54 /* AddStepViewController.swift */ = {isa = PBXFileReference; fileEncoding = 4; lastKnownFileType = sourcecode.swift; path = AddStepViewController.swift; sourceTree = "<group>"; };
		269F7DDB219F4EDE00478F20 /* RecipeService.swift */ = {isa = PBXFileReference; lastKnownFileType = sourcecode.swift; path = RecipeService.swift; sourceTree = "<group>"; };
		26B9E89C2194579F00E326F3 /* VKCheckBox.swift */ = {isa = PBXFileReference; lastKnownFileType = sourcecode.swift; path = VKCheckBox.swift; sourceTree = "<group>"; };
		26D3679121AE002000D7EEF8 /* ActionTextField.swift */ = {isa = PBXFileReference; lastKnownFileType = sourcecode.swift; path = ActionTextField.swift; sourceTree = "<group>"; };
		26F92254219CB07200E55B09 /* Constants.swift */ = {isa = PBXFileReference; lastKnownFileType = sourcecode.swift; path = Constants.swift; sourceTree = "<group>"; };
		58BF200591C37736EA5CE1DC /* Pods-CookMania.release.xcconfig */ = {isa = PBXFileReference; includeInIndex = 1; lastKnownFileType = text.xcconfig; name = "Pods-CookMania.release.xcconfig"; path = "Pods/Target Support Files/Pods-CookMania/Pods-CookMania.release.xcconfig"; sourceTree = "<group>"; };
		747431A0824657B3C9112F01 /* Pods_CookMania.framework */ = {isa = PBXFileReference; explicitFileType = wrapper.framework; includeInIndex = 0; path = Pods_CookMania.framework; sourceTree = BUILT_PRODUCTS_DIR; };
		B3F7362139CC8910F6B6E7F6 /* Pods-CookMania.debug.xcconfig */ = {isa = PBXFileReference; includeInIndex = 1; lastKnownFileType = text.xcconfig; name = "Pods-CookMania.debug.xcconfig"; path = "Pods/Target Support Files/Pods-CookMania/Pods-CookMania.debug.xcconfig"; sourceTree = "<group>"; };
		C31E1F5421D0145000786771 /* MenuItem.swift */ = {isa = PBXFileReference; lastKnownFileType = sourcecode.swift; path = MenuItem.swift; sourceTree = "<group>"; };
		C31E1F5621D037C400786771 /* UserFormViewController.swift */ = {isa = PBXFileReference; lastKnownFileType = sourcecode.swift; path = UserFormViewController.swift; sourceTree = "<group>"; };
		C31E1F5821D0524200786771 /* FormTableViewController.swift */ = {isa = PBXFileReference; lastKnownFileType = sourcecode.swift; path = FormTableViewController.swift; sourceTree = "<group>"; };
		C324D9BC21AF1C9300D9C5E8 /* RecipeService_Seif.swift */ = {isa = PBXFileReference; lastKnownFileType = sourcecode.swift; path = RecipeService_Seif.swift; sourceTree = "<group>"; };
		C324D9C021AF391600D9C5E8 /* FavoriteHelper.swift */ = {isa = PBXFileReference; lastKnownFileType = sourcecode.swift; path = FavoriteHelper.swift; sourceTree = "<group>"; };
		C325704E21C3C91B005B5BA1 /* NotificationUtils.swift */ = {isa = PBXFileReference; lastKnownFileType = sourcecode.swift; path = NotificationUtils.swift; sourceTree = "<group>"; };
		C32B1C7A2194DE7800153DC9 /* SignUpViewController.swift */ = {isa = PBXFileReference; lastKnownFileType = sourcecode.swift; path = SignUpViewController.swift; sourceTree = "<group>"; };
		C32B1C7C2194DF2600153DC9 /* RecipeDetailsViewController.swift */ = {isa = PBXFileReference; lastKnownFileType = sourcecode.swift; path = RecipeDetailsViewController.swift; sourceTree = "<group>"; };
		C32B1C7E2194E10400153DC9 /* AddRecipeViewController.swift */ = {isa = PBXFileReference; lastKnownFileType = sourcecode.swift; path = AddRecipeViewController.swift; sourceTree = "<group>"; };
		C32B1C822194E21B00153DC9 /* SettingsViewController.swift */ = {isa = PBXFileReference; lastKnownFileType = sourcecode.swift; path = SettingsViewController.swift; sourceTree = "<group>"; };
		C32B1C842194EA0E00153DC9 /* BlitzViewController.swift */ = {isa = PBXFileReference; lastKnownFileType = sourcecode.swift; path = BlitzViewController.swift; sourceTree = "<group>"; };
		C32B1C862194EE3E00153DC9 /* SearchResultViewController.swift */ = {isa = PBXFileReference; lastKnownFileType = sourcecode.swift; path = SearchResultViewController.swift; sourceTree = "<group>"; };
		C32B1C882194EEEE00153DC9 /* User.swift */ = {isa = PBXFileReference; lastKnownFileType = sourcecode.swift; path = User.swift; sourceTree = "<group>"; };
		C3378CE421C1A6A2007DCBC1 /* GoogleService-Info.plist */ = {isa = PBXFileReference; fileEncoding = 4; lastKnownFileType = text.plist.xml; path = "GoogleService-Info.plist"; sourceTree = "<group>"; };
		C3378CE621C1C3BA007DCBC1 /* CookMania.entitlements */ = {isa = PBXFileReference; lastKnownFileType = text.plist.entitlements; path = CookMania.entitlements; sourceTree = "<group>"; };
		C3474AA021A0BCD6005EADBC /* UserService.swift */ = {isa = PBXFileReference; lastKnownFileType = sourcecode.swift; path = UserService.swift; sourceTree = "<group>"; };
		C3474AA421A0BE4D005EADBC /* ServiceUtils.swift */ = {isa = PBXFileReference; lastKnownFileType = sourcecode.swift; path = ServiceUtils.swift; sourceTree = "<group>"; };
		C34BE80021ADE3B900D050EF /* FollowingViewController.swift */ = {isa = PBXFileReference; lastKnownFileType = sourcecode.swift; path = FollowingViewController.swift; sourceTree = "<group>"; };
		C35BBB60219B5058007CA580 /* GradientViewSecond.swift */ = {isa = PBXFileReference; fileEncoding = 4; lastKnownFileType = sourcecode.swift; path = GradientViewSecond.swift; sourceTree = "<group>"; };
		C36AC733219E08D20070CDE8 /* Experience.swift */ = {isa = PBXFileReference; lastKnownFileType = sourcecode.swift; path = Experience.swift; sourceTree = "<group>"; };
		C36AC736219E0CF30070CDE8 /* ExperienceService.swift */ = {isa = PBXFileReference; lastKnownFileType = sourcecode.swift; path = ExperienceService.swift; sourceTree = "<group>"; };
		C37A4C0021D1C17C009AC30A /* FormUtils.swift */ = {isa = PBXFileReference; lastKnownFileType = sourcecode.swift; path = FormUtils.swift; sourceTree = "<group>"; };
		C3834A3921B9A913006CE670 /* UIColor.swift */ = {isa = PBXFileReference; lastKnownFileType = sourcecode.swift; path = UIColor.swift; sourceTree = "<group>"; };
		C39665A621B00A8000C73AE5 /* AddExperienceViewController.swift */ = {isa = PBXFileReference; lastKnownFileType = sourcecode.swift; path = AddExperienceViewController.swift; sourceTree = "<group>"; };
		C3995DDC21964CE800179246 /* CommunityViewController.swift */ = {isa = PBXFileReference; lastKnownFileType = sourcecode.swift; path = CommunityViewController.swift; sourceTree = "<group>"; };
		C3BB062821C2AA2A00516BB7 /* MainTabLayoutViewController.swift */ = {isa = PBXFileReference; lastKnownFileType = sourcecode.swift; path = MainTabLayoutViewController.swift; sourceTree = "<group>"; };
		C3C6187A21A23D39006908F4 /* MyRecipesViewController.swift */ = {isa = PBXFileReference; lastKnownFileType = sourcecode.swift; path = MyRecipesViewController.swift; sourceTree = "<group>"; };
		C3DC90CB21A1AEDC0053094A /* UIUtils.swift */ = {isa = PBXFileReference; lastKnownFileType = sourcecode.swift; path = UIUtils.swift; sourceTree = "<group>"; };
		C3EED56C21CDAF33006C2FC3 /* TimerViewController.swift */ = {isa = PBXFileReference; lastKnownFileType = sourcecode.swift; path = TimerViewController.swift; sourceTree = "<group>"; };
		C3FE11ED21A35231007D5F16 /* FollowersViewController.swift */ = {isa = PBXFileReference; lastKnownFileType = sourcecode.swift; path = FollowersViewController.swift; sourceTree = "<group>"; };
		C3FE11EF21A35298007D5F16 /* Following.swift */ = {isa = PBXFileReference; lastKnownFileType = sourcecode.swift; path = Following.swift; sourceTree = "<group>"; };
/* End PBXFileReference section */

/* Begin PBXFrameworksBuildPhase section */
		2608CEB7218D0D8E008A706E /* Frameworks */ = {
			isa = PBXFrameworksBuildPhase;
			buildActionMask = 2147483647;
			files = (
				176CD6BECDC8E14C1459D211 /* Pods_CookMania.framework in Frameworks */,
			);
			runOnlyForDeploymentPostprocessing = 0;
		};
/* End PBXFrameworksBuildPhase section */

/* Begin PBXGroup section */
		2608CEB1218D0D8E008A706E = {
			isa = PBXGroup;
			children = (
				2608CEBC218D0D8E008A706E /* CookMania */,
				996BFF27D5550BF06B51A18A /* Frameworks */,
				E6563888AFB82B4F0AF68518 /* Pods */,
				2608CEBB218D0D8E008A706E /* Products */,
			);
			sourceTree = "<group>";
		};
		2608CEBB218D0D8E008A706E /* Products */ = {
			isa = PBXGroup;
			children = (
				2608CEBA218D0D8E008A706E /* CookMania.app */,
			);
			name = Products;
			sourceTree = "<group>";
		};
		2608CEBC218D0D8E008A706E /* CookMania */ = {
			isa = PBXGroup;
			children = (
				C3378CE621C1C3BA007DCBC1 /* CookMania.entitlements */,
				2608CECC218D0D9B008A706E /* Info.plist */,
				C3378CE421C1A6A2007DCBC1 /* GoogleService-Info.plist */,
				2608CEBD218D0D8E008A706E /* AppDelegate.swift */,
				2608CEC7218D0D9B008A706E /* Assets.xcassets */,
				C32B1C762194D9C600153DC9 /* Controllers */,
				2608CEC4218D0D8E008A706E /* CookMania.xcdatamodeld */,
				C32B1C772194D9CD00153DC9 /* Entities */,
				C324D9BF21AF38E600D9C5E8 /* Helpers */,
				C36AC735219E0CD00070CDE8 /* Services */,
				C32B1C792194D9F400153DC9 /* Storyboards */,
				C32B1C782194D9DF00153DC9 /* Utils */,
			);
			path = CookMania;
			sourceTree = "<group>";
		};
		996BFF27D5550BF06B51A18A /* Frameworks */ = {
			isa = PBXGroup;
			children = (
				747431A0824657B3C9112F01 /* Pods_CookMania.framework */,
			);
			name = Frameworks;
			sourceTree = "<group>";
		};
		C324D9BF21AF38E600D9C5E8 /* Helpers */ = {
			isa = PBXGroup;
			children = (
				C324D9C021AF391600D9C5E8 /* FavoriteHelper.swift */,
			);
			path = Helpers;
			sourceTree = "<group>";
		};
		C32B1C762194D9C600153DC9 /* Controllers */ = {
			isa = PBXGroup;
			children = (
				C39665A621B00A8000C73AE5 /* AddExperienceViewController.swift */,
				C32B1C7E2194E10400153DC9 /* AddRecipeViewController.swift */,
				2689B75A21AF4E86007BBC54 /* AddStepViewController.swift */,
				C32B1C842194EA0E00153DC9 /* BlitzViewController.swift */,
				C3995DDC21964CE800179246 /* CommunityViewController.swift */,
				26101085218FC37B00E8344F /* FavoritesViewController.swift */,
				C3FE11ED21A35231007D5F16 /* FollowersViewController.swift */,
				C34BE80021ADE3B900D050EF /* FollowingViewController.swift */,
				2608CED2218D0FD6008A706E /* HomeViewController.swift */,
				C3BB062821C2AA2A00516BB7 /* MainTabLayoutViewController.swift */,
				C3C6187A21A23D39006908F4 /* MyRecipesViewController.swift */,
				262543AE21935E6C003601A4 /* ProfileViewController.swift */,
				C32B1C7C2194DF2600153DC9 /* RecipeDetailsViewController.swift */,
				26101083218FAE0B00E8344F /* RecipeListViewController.swift */,
				C32B1C862194EE3E00153DC9 /* SearchResultViewController.swift */,
				262543AC21935E55003601A4 /* SearchViewController.swift */,
				C32B1C822194E21B00153DC9 /* SettingsViewController.swift */,
				26101089218FC3D500E8344F /* ShoppingListViewController.swift */,
				2608CEBF218D0D8E008A706E /* SignInViewController.swift */,
				C32B1C7A2194DE7800153DC9 /* SignUpViewController.swift */,
				C3EED56C21CDAF33006C2FC3 /* TimerViewController.swift */,
				C31E1F5621D037C400786771 /* UserFormViewController.swift */,
				C31E1F5821D0524200786771 /* FormTableViewController.swift */,
			);
			path = Controllers;
			sourceTree = "<group>";
		};
		C32B1C772194D9CD00153DC9 /* Entities */ = {
			isa = PBXGroup;
			children = (
				26101081218FA85900E8344F /* Recipe.swift */,
				C32B1C882194EEEE00153DC9 /* User.swift */,
				260917CC219C70AC00C713C6 /* Step.swift */,
				260917CE219C716900C713C6 /* Ingredient.swift */,
				C36AC733219E08D20070CDE8 /* Experience.swift */,
				C3FE11EF21A35298007D5F16 /* Following.swift */,
				C31E1F5421D0145000786771 /* MenuItem.swift */,
			);
			path = Entities;
			sourceTree = "<group>";
		};
		C32B1C782194D9DF00153DC9 /* Utils */ = {
			isa = PBXGroup;
			children = (
				C35BBB60219B5058007CA580 /* GradientViewSecond.swift */,
				262543B021937811003601A4 /* GradientView.swift */,
				26B9E89C2194579F00E326F3 /* VKCheckBox.swift */,
				26F92254219CB07200E55B09 /* Constants.swift */,
				26D3679121AE002000D7EEF8 /* ActionTextField.swift */,
				2689B75821AF3E96007BBC54 /* ActionSegmentControl.swift */,
				C3474AA421A0BE4D005EADBC /* ServiceUtils.swift */,
				C3DC90CB21A1AEDC0053094A /* UIUtils.swift */,
				C3834A3921B9A913006CE670 /* UIColor.swift */,
				C325704E21C3C91B005B5BA1 /* NotificationUtils.swift */,
				C37A4C0021D1C17C009AC30A /* FormUtils.swift */,
			);
			path = Utils;
			sourceTree = "<group>";
		};
		C32B1C792194D9F400153DC9 /* Storyboards */ = {
			isa = PBXGroup;
			children = (
				2608CEC1218D0D8E008A706E /* Main.storyboard */,
				2608CEC9218D0D9B008A706E /* LaunchScreen.storyboard */,
			);
			name = Storyboards;
			path = CookMania/Storyboards;
			sourceTree = SOURCE_ROOT;
		};
		C36AC735219E0CD00070CDE8 /* Services */ = {
			isa = PBXGroup;
			children = (
				C36AC736219E0CF30070CDE8 /* ExperienceService.swift */,
				269F7DDB219F4EDE00478F20 /* RecipeService.swift */,
				C3474AA021A0BCD6005EADBC /* UserService.swift */,
				C324D9BC21AF1C9300D9C5E8 /* RecipeService_Seif.swift */,
			);
			path = Services;
			sourceTree = "<group>";
		};
		E6563888AFB82B4F0AF68518 /* Pods */ = {
			isa = PBXGroup;
			children = (
				B3F7362139CC8910F6B6E7F6 /* Pods-CookMania.debug.xcconfig */,
				58BF200591C37736EA5CE1DC /* Pods-CookMania.release.xcconfig */,
			);
			name = Pods;
			sourceTree = "<group>";
		};
/* End PBXGroup section */

/* Begin PBXNativeTarget section */
		2608CEB9218D0D8E008A706E /* CookMania */ = {
			isa = PBXNativeTarget;
			buildConfigurationList = 2608CECF218D0D9B008A706E /* Build configuration list for PBXNativeTarget "CookMania" */;
			buildPhases = (
				54148AC114E519835513EAE6 /* [CP] Check Pods Manifest.lock */,
				2608CEB6218D0D8E008A706E /* Sources */,
				2608CEB7218D0D8E008A706E /* Frameworks */,
				2608CEB8218D0D8E008A706E /* Resources */,
				27840002189E66FE2CD00D59 /* [CP] Embed Pods Frameworks */,
				4DE3E13126BDE6BB705E710A /* [CP] Copy Pods Resources */,
			);
			buildRules = (
			);
			dependencies = (
			);
			name = CookMania;
			productName = CookMania;
			productReference = 2608CEBA218D0D8E008A706E /* CookMania.app */;
			productType = "com.apple.product-type.application";
		};
/* End PBXNativeTarget section */

/* Begin PBXProject section */
		2608CEB2218D0D8E008A706E /* Project object */ = {
			isa = PBXProject;
			attributes = {
				LastSwiftUpdateCheck = 1000;
				LastUpgradeCheck = 1000;
				ORGANIZATIONNAME = MiniProjet;
				TargetAttributes = {
					2608CEB9218D0D8E008A706E = {
						CreatedOnToolsVersion = 10.0;
						SystemCapabilities = {
							com.apple.BackgroundModes = {
								enabled = 1;
							};
							com.apple.Push = {
								enabled = 1;
							};
						};
					};
				};
			};
			buildConfigurationList = 2608CEB5218D0D8E008A706E /* Build configuration list for PBXProject "CookMania" */;
			compatibilityVersion = "Xcode 9.3";
			developmentRegion = en;
			hasScannedForEncodings = 0;
			knownRegions = (
				en,
				Base,
			);
			mainGroup = 2608CEB1218D0D8E008A706E;
			productRefGroup = 2608CEBB218D0D8E008A706E /* Products */;
			projectDirPath = "";
			projectRoot = "";
			targets = (
				2608CEB9218D0D8E008A706E /* CookMania */,
			);
		};
/* End PBXProject section */

/* Begin PBXResourcesBuildPhase section */
		2608CEB8218D0D8E008A706E /* Resources */ = {
			isa = PBXResourcesBuildPhase;
			buildActionMask = 2147483647;
			files = (
				2608CECB218D0D9B008A706E /* LaunchScreen.storyboard in Resources */,
				C3378CE521C1A6A2007DCBC1 /* GoogleService-Info.plist in Resources */,
				2608CEC8218D0D9B008A706E /* Assets.xcassets in Resources */,
				2608CEC3218D0D8E008A706E /* Main.storyboard in Resources */,
			);
			runOnlyForDeploymentPostprocessing = 0;
		};
/* End PBXResourcesBuildPhase section */

/* Begin PBXShellScriptBuildPhase section */
		27840002189E66FE2CD00D59 /* [CP] Embed Pods Frameworks */ = {
			isa = PBXShellScriptBuildPhase;
			buildActionMask = 2147483647;
			files = (
			);
			inputFileListPaths = (
			);
			inputPaths = (
				"${SRCROOT}/Pods/Target Support Files/Pods-CookMania/Pods-CookMania-frameworks.sh",
				"${BUILT_PRODUCTS_DIR}/Alamofire/Alamofire.framework",
				"${BUILT_PRODUCTS_DIR}/AlamofireImage/AlamofireImage.framework",
				"${BUILT_PRODUCTS_DIR}/Bolts/Bolts.framework",
				"${BUILT_PRODUCTS_DIR}/Cosmos/Cosmos.framework",
				"${BUILT_PRODUCTS_DIR}/FBSDKCoreKit/FBSDKCoreKit.framework",
				"${BUILT_PRODUCTS_DIR}/FBSDKLoginKit/FBSDKLoginKit.framework",
				"${BUILT_PRODUCTS_DIR}/FacebookCore/FacebookCore.framework",
				"${BUILT_PRODUCTS_DIR}/FacebookLogin/FacebookLogin.framework",
				"${BUILT_PRODUCTS_DIR}/GTMOAuth2/GTMOAuth2.framework",
				"${BUILT_PRODUCTS_DIR}/GTMSessionFetcher/GTMSessionFetcher.framework",
				"${BUILT_PRODUCTS_DIR}/Gallery/Gallery.framework",
				"${BUILT_PRODUCTS_DIR}/GoogleToolboxForMac/GoogleToolboxForMac.framework",
				"${BUILT_PRODUCTS_DIR}/GoogleUtilities/GoogleUtilities.framework",
				"${BUILT_PRODUCTS_DIR}/HGCircularSlider/HGCircularSlider.framework",
				"${BUILT_PRODUCTS_DIR}/ISPageControl/ISPageControl.framework",
				"${BUILT_PRODUCTS_DIR}/ObjectMapper/ObjectMapper.framework",
				"${BUILT_PRODUCTS_DIR}/Protobuf/Protobuf.framework",
				"${BUILT_PRODUCTS_DIR}/SwiftKeychainWrapper/SwiftKeychainWrapper.framework",
				"${BUILT_PRODUCTS_DIR}/SwiftyJSON/SwiftyJSON.framework",
				"${BUILT_PRODUCTS_DIR}/nanopb/nanopb.framework",
			);
			name = "[CP] Embed Pods Frameworks";
			outputFileListPaths = (
			);
			outputPaths = (
				"${TARGET_BUILD_DIR}/${FRAMEWORKS_FOLDER_PATH}/Alamofire.framework",
				"${TARGET_BUILD_DIR}/${FRAMEWORKS_FOLDER_PATH}/AlamofireImage.framework",
				"${TARGET_BUILD_DIR}/${FRAMEWORKS_FOLDER_PATH}/Bolts.framework",
				"${TARGET_BUILD_DIR}/${FRAMEWORKS_FOLDER_PATH}/Cosmos.framework",
				"${TARGET_BUILD_DIR}/${FRAMEWORKS_FOLDER_PATH}/FBSDKCoreKit.framework",
				"${TARGET_BUILD_DIR}/${FRAMEWORKS_FOLDER_PATH}/FBSDKLoginKit.framework",
				"${TARGET_BUILD_DIR}/${FRAMEWORKS_FOLDER_PATH}/FacebookCore.framework",
				"${TARGET_BUILD_DIR}/${FRAMEWORKS_FOLDER_PATH}/FacebookLogin.framework",
				"${TARGET_BUILD_DIR}/${FRAMEWORKS_FOLDER_PATH}/GTMOAuth2.framework",
				"${TARGET_BUILD_DIR}/${FRAMEWORKS_FOLDER_PATH}/GTMSessionFetcher.framework",
				"${TARGET_BUILD_DIR}/${FRAMEWORKS_FOLDER_PATH}/Gallery.framework",
				"${TARGET_BUILD_DIR}/${FRAMEWORKS_FOLDER_PATH}/GoogleToolboxForMac.framework",
				"${TARGET_BUILD_DIR}/${FRAMEWORKS_FOLDER_PATH}/GoogleUtilities.framework",
				"${TARGET_BUILD_DIR}/${FRAMEWORKS_FOLDER_PATH}/HGCircularSlider.framework",
				"${TARGET_BUILD_DIR}/${FRAMEWORKS_FOLDER_PATH}/ISPageControl.framework",
				"${TARGET_BUILD_DIR}/${FRAMEWORKS_FOLDER_PATH}/ObjectMapper.framework",
				"${TARGET_BUILD_DIR}/${FRAMEWORKS_FOLDER_PATH}/Protobuf.framework",
				"${TARGET_BUILD_DIR}/${FRAMEWORKS_FOLDER_PATH}/SwiftKeychainWrapper.framework",
				"${TARGET_BUILD_DIR}/${FRAMEWORKS_FOLDER_PATH}/SwiftyJSON.framework",
				"${TARGET_BUILD_DIR}/${FRAMEWORKS_FOLDER_PATH}/nanopb.framework",
			);
			runOnlyForDeploymentPostprocessing = 0;
			shellPath = /bin/sh;
			shellScript = "\"${SRCROOT}/Pods/Target Support Files/Pods-CookMania/Pods-CookMania-frameworks.sh\"\n";
			showEnvVarsInLog = 0;
		};
		4DE3E13126BDE6BB705E710A /* [CP] Copy Pods Resources */ = {
			isa = PBXShellScriptBuildPhase;
			buildActionMask = 2147483647;
			files = (
			);
			inputFileListPaths = (
			);
			inputPaths = (
				"${SRCROOT}/Pods/Target Support Files/Pods-CookMania/Pods-CookMania-resources.sh",
				"${PODS_ROOT}/GoogleSignIn/Resources/GoogleSignIn.bundle",
			);
			name = "[CP] Copy Pods Resources";
			outputFileListPaths = (
			);
			outputPaths = (
				"${TARGET_BUILD_DIR}/${UNLOCALIZED_RESOURCES_FOLDER_PATH}/GoogleSignIn.bundle",
			);
			runOnlyForDeploymentPostprocessing = 0;
			shellPath = /bin/sh;
			shellScript = "\"${SRCROOT}/Pods/Target Support Files/Pods-CookMania/Pods-CookMania-resources.sh\"\n";
			showEnvVarsInLog = 0;
		};
		54148AC114E519835513EAE6 /* [CP] Check Pods Manifest.lock */ = {
			isa = PBXShellScriptBuildPhase;
			buildActionMask = 2147483647;
			files = (
			);
			inputFileListPaths = (
			);
			inputPaths = (
				"${PODS_PODFILE_DIR_PATH}/Podfile.lock",
				"${PODS_ROOT}/Manifest.lock",
			);
			name = "[CP] Check Pods Manifest.lock";
			outputFileListPaths = (
			);
			outputPaths = (
				"$(DERIVED_FILE_DIR)/Pods-CookMania-checkManifestLockResult.txt",
			);
			runOnlyForDeploymentPostprocessing = 0;
			shellPath = /bin/sh;
			shellScript = "diff \"${PODS_PODFILE_DIR_PATH}/Podfile.lock\" \"${PODS_ROOT}/Manifest.lock\" > /dev/null\nif [ $? != 0 ] ; then\n    # print error to STDERR\n    echo \"error: The sandbox is not in sync with the Podfile.lock. Run 'pod install' or update your CocoaPods installation.\" >&2\n    exit 1\nfi\n# This output is used by Xcode 'outputs' to avoid re-running this script phase.\necho \"SUCCESS\" > \"${SCRIPT_OUTPUT_FILE_0}\"\n";
			showEnvVarsInLog = 0;
		};
/* End PBXShellScriptBuildPhase section */

/* Begin PBXSourcesBuildPhase section */
		2608CEB6218D0D8E008A706E /* Sources */ = {
			isa = PBXSourcesBuildPhase;
			buildActionMask = 2147483647;
			files = (
				26D3679221AE002000D7EEF8 /* ActionTextField.swift in Sources */,
				2689B75B21AF4E87007BBC54 /* AddStepViewController.swift in Sources */,
				C3DC90CC21A1AEDC0053094A /* UIUtils.swift in Sources */,
				C32B1C832194E21B00153DC9 /* SettingsViewController.swift in Sources */,
				2608CEC0218D0D8E008A706E /* SignInViewController.swift in Sources */,
				C3474AA121A0BCD6005EADBC /* UserService.swift in Sources */,
				2608CEBE218D0D8E008A706E /* AppDelegate.swift in Sources */,
				C32B1C852194EA0E00153DC9 /* BlitzViewController.swift in Sources */,
				262543B121937811003601A4 /* GradientView.swift in Sources */,
				C32B1C7D2194DF2600153DC9 /* RecipeDetailsViewController.swift in Sources */,
				26F92255219CB07300E55B09 /* Constants.swift in Sources */,
				26B9E89D219457A000E326F3 /* VKCheckBox.swift in Sources */,
				262543AF21935E6C003601A4 /* ProfileViewController.swift in Sources */,
				C3995DDD21964CE800179246 /* CommunityViewController.swift in Sources */,
				C3C6187B21A23D39006908F4 /* MyRecipesViewController.swift in Sources */,
				C3BB062921C2AA2A00516BB7 /* MainTabLayoutViewController.swift in Sources */,
				26101086218FC37B00E8344F /* FavoritesViewController.swift in Sources */,
				260917CF219C716900C713C6 /* Ingredient.swift in Sources */,
				C324D9C121AF391600D9C5E8 /* FavoriteHelper.swift in Sources */,
				C39665A721B00A8000C73AE5 /* AddExperienceViewController.swift in Sources */,
				C3EED56D21CDAF33006C2FC3 /* TimerViewController.swift in Sources */,
				262543AD21935E55003601A4 /* SearchViewController.swift in Sources */,
				C34BE80121ADE3B900D050EF /* FollowingViewController.swift in Sources */,
				C31E1F5921D0524200786771 /* FormTableViewController.swift in Sources */,
				C36AC737219E0CF30070CDE8 /* ExperienceService.swift in Sources */,
				C31E1F5521D0145000786771 /* MenuItem.swift in Sources */,
				C32B1C872194EE3E00153DC9 /* SearchResultViewController.swift in Sources */,
				26101084218FAE0B00E8344F /* RecipeListViewController.swift in Sources */,
				2610108A218FC3D500E8344F /* ShoppingListViewController.swift in Sources */,
				2608CEC6218D0D8E008A706E /* CookMania.xcdatamodeld in Sources */,
				2689B75921AF3E96007BBC54 /* ActionSegmentControl.swift in Sources */,
				C325704F21C3C91B005B5BA1 /* NotificationUtils.swift in Sources */,
				2608CED3218D0FD6008A706E /* HomeViewController.swift in Sources */,
				C324D9BD21AF1C9300D9C5E8 /* RecipeService_Seif.swift in Sources */,
				C3834A3A21B9A913006CE670 /* UIColor.swift in Sources */,
				C36AC734219E08D20070CDE8 /* Experience.swift in Sources */,
				C31E1F5721D037C400786771 /* UserFormViewController.swift in Sources */,
				C32B1C7F2194E10400153DC9 /* AddRecipeViewController.swift in Sources */,
				C3FE11EE21A35231007D5F16 /* FollowersViewController.swift in Sources */,
				260917CD219C70AC00C713C6 /* Step.swift in Sources */,
				269F7DDC219F4EDE00478F20 /* RecipeService.swift in Sources */,
				C3474AA521A0BE4D005EADBC /* ServiceUtils.swift in Sources */,
				C3FE11F021A35298007D5F16 /* Following.swift in Sources */,
				C32B1C7B2194DE7800153DC9 /* SignUpViewController.swift in Sources */,
				26101082218FA85900E8344F /* Recipe.swift in Sources */,
				C35BBB61219B5059007CA580 /* GradientViewSecond.swift in Sources */,
				C32B1C892194EEEE00153DC9 /* User.swift in Sources */,
				C37A4C0121D1C17C009AC30A /* FormUtils.swift in Sources */,
			);
			runOnlyForDeploymentPostprocessing = 0;
		};
/* End PBXSourcesBuildPhase section */

/* Begin PBXVariantGroup section */
		2608CEC1218D0D8E008A706E /* Main.storyboard */ = {
			isa = PBXVariantGroup;
			children = (
				2608CEC2218D0D8E008A706E /* Base */,
			);
			name = Main.storyboard;
			sourceTree = "<group>";
		};
		2608CEC9218D0D9B008A706E /* LaunchScreen.storyboard */ = {
			isa = PBXVariantGroup;
			children = (
				2608CECA218D0D9B008A706E /* Base */,
			);
			name = LaunchScreen.storyboard;
			sourceTree = "<group>";
		};
/* End PBXVariantGroup section */

/* Begin XCBuildConfiguration section */
		2608CECD218D0D9B008A706E /* Debug */ = {
			isa = XCBuildConfiguration;
			buildSettings = {
				ALWAYS_SEARCH_USER_PATHS = NO;
				CLANG_ANALYZER_NONNULL = YES;
				CLANG_ANALYZER_NUMBER_OBJECT_CONVERSION = YES_AGGRESSIVE;
				CLANG_CXX_LANGUAGE_STANDARD = "gnu++14";
				CLANG_CXX_LIBRARY = "libc++";
				CLANG_ENABLE_MODULES = YES;
				CLANG_ENABLE_OBJC_ARC = YES;
				CLANG_ENABLE_OBJC_WEAK = YES;
				CLANG_WARN_BLOCK_CAPTURE_AUTORELEASING = YES;
				CLANG_WARN_BOOL_CONVERSION = YES;
				CLANG_WARN_COMMA = YES;
				CLANG_WARN_CONSTANT_CONVERSION = YES;
				CLANG_WARN_DEPRECATED_OBJC_IMPLEMENTATIONS = YES;
				CLANG_WARN_DIRECT_OBJC_ISA_USAGE = YES_ERROR;
				CLANG_WARN_DOCUMENTATION_COMMENTS = YES;
				CLANG_WARN_EMPTY_BODY = YES;
				CLANG_WARN_ENUM_CONVERSION = YES;
				CLANG_WARN_INFINITE_RECURSION = YES;
				CLANG_WARN_INT_CONVERSION = YES;
				CLANG_WARN_NON_LITERAL_NULL_CONVERSION = YES;
				CLANG_WARN_OBJC_IMPLICIT_RETAIN_SELF = YES;
				CLANG_WARN_OBJC_LITERAL_CONVERSION = YES;
				CLANG_WARN_OBJC_ROOT_CLASS = YES_ERROR;
				CLANG_WARN_RANGE_LOOP_ANALYSIS = YES;
				CLANG_WARN_STRICT_PROTOTYPES = YES;
				CLANG_WARN_SUSPICIOUS_MOVE = YES;
				CLANG_WARN_UNGUARDED_AVAILABILITY = YES_AGGRESSIVE;
				CLANG_WARN_UNREACHABLE_CODE = YES;
				CLANG_WARN__DUPLICATE_METHOD_MATCH = YES;
				CODE_SIGN_IDENTITY = "iPhone Developer";
				COPY_PHASE_STRIP = NO;
				DEBUG_INFORMATION_FORMAT = dwarf;
				ENABLE_STRICT_OBJC_MSGSEND = YES;
				ENABLE_TESTABILITY = YES;
				GCC_C_LANGUAGE_STANDARD = gnu11;
				GCC_DYNAMIC_NO_PIC = NO;
				GCC_NO_COMMON_BLOCKS = YES;
				GCC_OPTIMIZATION_LEVEL = 0;
				GCC_PREPROCESSOR_DEFINITIONS = (
					"DEBUG=1",
					"$(inherited)",
				);
				GCC_WARN_64_TO_32_BIT_CONVERSION = YES;
				GCC_WARN_ABOUT_RETURN_TYPE = YES_ERROR;
				GCC_WARN_UNDECLARED_SELECTOR = YES;
				GCC_WARN_UNINITIALIZED_AUTOS = YES_AGGRESSIVE;
				GCC_WARN_UNUSED_FUNCTION = YES;
				GCC_WARN_UNUSED_VARIABLE = YES;
				IPHONEOS_DEPLOYMENT_TARGET = 12.0;
				MTL_ENABLE_DEBUG_INFO = INCLUDE_SOURCE;
				MTL_FAST_MATH = YES;
				ONLY_ACTIVE_ARCH = YES;
				SDKROOT = iphoneos;
				SWIFT_ACTIVE_COMPILATION_CONDITIONS = DEBUG;
				SWIFT_OPTIMIZATION_LEVEL = "-Onone";
			};
			name = Debug;
		};
		2608CECE218D0D9B008A706E /* Release */ = {
			isa = XCBuildConfiguration;
			buildSettings = {
				ALWAYS_SEARCH_USER_PATHS = NO;
				CLANG_ANALYZER_NONNULL = YES;
				CLANG_ANALYZER_NUMBER_OBJECT_CONVERSION = YES_AGGRESSIVE;
				CLANG_CXX_LANGUAGE_STANDARD = "gnu++14";
				CLANG_CXX_LIBRARY = "libc++";
				CLANG_ENABLE_MODULES = YES;
				CLANG_ENABLE_OBJC_ARC = YES;
				CLANG_ENABLE_OBJC_WEAK = YES;
				CLANG_WARN_BLOCK_CAPTURE_AUTORELEASING = YES;
				CLANG_WARN_BOOL_CONVERSION = YES;
				CLANG_WARN_COMMA = YES;
				CLANG_WARN_CONSTANT_CONVERSION = YES;
				CLANG_WARN_DEPRECATED_OBJC_IMPLEMENTATIONS = YES;
				CLANG_WARN_DIRECT_OBJC_ISA_USAGE = YES_ERROR;
				CLANG_WARN_DOCUMENTATION_COMMENTS = YES;
				CLANG_WARN_EMPTY_BODY = YES;
				CLANG_WARN_ENUM_CONVERSION = YES;
				CLANG_WARN_INFINITE_RECURSION = YES;
				CLANG_WARN_INT_CONVERSION = YES;
				CLANG_WARN_NON_LITERAL_NULL_CONVERSION = YES;
				CLANG_WARN_OBJC_IMPLICIT_RETAIN_SELF = YES;
				CLANG_WARN_OBJC_LITERAL_CONVERSION = YES;
				CLANG_WARN_OBJC_ROOT_CLASS = YES_ERROR;
				CLANG_WARN_RANGE_LOOP_ANALYSIS = YES;
				CLANG_WARN_STRICT_PROTOTYPES = YES;
				CLANG_WARN_SUSPICIOUS_MOVE = YES;
				CLANG_WARN_UNGUARDED_AVAILABILITY = YES_AGGRESSIVE;
				CLANG_WARN_UNREACHABLE_CODE = YES;
				CLANG_WARN__DUPLICATE_METHOD_MATCH = YES;
				CODE_SIGN_IDENTITY = "iPhone Developer";
				COPY_PHASE_STRIP = NO;
				DEBUG_INFORMATION_FORMAT = "dwarf-with-dsym";
				ENABLE_NS_ASSERTIONS = NO;
				ENABLE_STRICT_OBJC_MSGSEND = YES;
				GCC_C_LANGUAGE_STANDARD = gnu11;
				GCC_NO_COMMON_BLOCKS = YES;
				GCC_WARN_64_TO_32_BIT_CONVERSION = YES;
				GCC_WARN_ABOUT_RETURN_TYPE = YES_ERROR;
				GCC_WARN_UNDECLARED_SELECTOR = YES;
				GCC_WARN_UNINITIALIZED_AUTOS = YES_AGGRESSIVE;
				GCC_WARN_UNUSED_FUNCTION = YES;
				GCC_WARN_UNUSED_VARIABLE = YES;
				IPHONEOS_DEPLOYMENT_TARGET = 12.0;
				MTL_ENABLE_DEBUG_INFO = NO;
				MTL_FAST_MATH = YES;
				SDKROOT = iphoneos;
				SWIFT_COMPILATION_MODE = wholemodule;
				SWIFT_OPTIMIZATION_LEVEL = "-O";
				VALIDATE_PRODUCT = YES;
			};
			name = Release;
		};
		2608CED0218D0D9B008A706E /* Debug */ = {
			isa = XCBuildConfiguration;
			baseConfigurationReference = B3F7362139CC8910F6B6E7F6 /* Pods-CookMania.debug.xcconfig */;
			buildSettings = {
				ASSETCATALOG_COMPILER_APPICON_NAME = AppIcon;
				CODE_SIGN_ENTITLEMENTS = CookMania/CookMania.entitlements;
				CODE_SIGN_STYLE = Automatic;
				DEVELOPMENT_TEAM = G96V29LG5G;
				INFOPLIST_FILE = CookMania/Info.plist;
				LD_RUNPATH_SEARCH_PATHS = (
					"$(inherited)",
					"@executable_path/Frameworks",
				);
				PRODUCT_BUNDLE_IDENTIFIER = "com.elyes-seif.products.CookMania";
				PRODUCT_NAME = "$(TARGET_NAME)";
				SWIFT_VERSION = 4.2;
				TARGETED_DEVICE_FAMILY = "1,2";
			};
			name = Debug;
		};
		2608CED1218D0D9B008A706E /* Release */ = {
			isa = XCBuildConfiguration;
			baseConfigurationReference = 58BF200591C37736EA5CE1DC /* Pods-CookMania.release.xcconfig */;
			buildSettings = {
				ASSETCATALOG_COMPILER_APPICON_NAME = AppIcon;
				CODE_SIGN_ENTITLEMENTS = CookMania/CookMania.entitlements;
				CODE_SIGN_STYLE = Automatic;
				DEVELOPMENT_TEAM = G96V29LG5G;
				INFOPLIST_FILE = CookMania/Info.plist;
				LD_RUNPATH_SEARCH_PATHS = (
					"$(inherited)",
					"@executable_path/Frameworks",
				);
				PRODUCT_BUNDLE_IDENTIFIER = "com.elyes-seif.products.CookMania";
				PRODUCT_NAME = "$(TARGET_NAME)";
				SWIFT_VERSION = 4.2;
				TARGETED_DEVICE_FAMILY = "1,2";
			};
			name = Release;
		};
/* End XCBuildConfiguration section */

/* Begin XCConfigurationList section */
		2608CEB5218D0D8E008A706E /* Build configuration list for PBXProject "CookMania" */ = {
			isa = XCConfigurationList;
			buildConfigurations = (
				2608CECD218D0D9B008A706E /* Debug */,
				2608CECE218D0D9B008A706E /* Release */,
			);
			defaultConfigurationIsVisible = 0;
			defaultConfigurationName = Release;
		};
		2608CECF218D0D9B008A706E /* Build configuration list for PBXNativeTarget "CookMania" */ = {
			isa = XCConfigurationList;
			buildConfigurations = (
				2608CED0218D0D9B008A706E /* Debug */,
				2608CED1218D0D9B008A706E /* Release */,
			);
			defaultConfigurationIsVisible = 0;
			defaultConfigurationName = Release;
		};
/* End XCConfigurationList section */

/* Begin XCVersionGroup section */
		2608CEC4218D0D8E008A706E /* CookMania.xcdatamodeld */ = {
			isa = XCVersionGroup;
			children = (
				2608CEC5218D0D8E008A706E /* CookMania.xcdatamodel */,
			);
			currentVersion = 2608CEC5218D0D8E008A706E /* CookMania.xcdatamodel */;
			path = CookMania.xcdatamodeld;
			sourceTree = "<group>";
			versionGroupType = wrapper.xcdatamodel;
		};
/* End XCVersionGroup section */
	};
	rootObject = 2608CEB2218D0D8E008A706E /* Project object */;
}
