// !$*UTF8*$!
{
	archiveVersion = 1;
	classes = {
	};
	objectVersion = 50;
	objects = {

/* Begin PBXBuildFile section */
		2608CEBE218D0D8E008A706E /* AppDelegate.swift in Sources */ = {isa = PBXBuildFile; fileRef = 2608CEBD218D0D8E008A706E /* AppDelegate.swift */; };
		2608CEC0218D0D8E008A706E /* ViewController.swift in Sources */ = {isa = PBXBuildFile; fileRef = 2608CEBF218D0D8E008A706E /* ViewController.swift */; };
		2608CEC3218D0D8E008A706E /* Main.storyboard in Resources */ = {isa = PBXBuildFile; fileRef = 2608CEC1218D0D8E008A706E /* Main.storyboard */; };
		2608CEC6218D0D8E008A706E /* CookMania.xcdatamodeld in Sources */ = {isa = PBXBuildFile; fileRef = 2608CEC4218D0D8E008A706E /* CookMania.xcdatamodeld */; };
		2608CEC8218D0D9B008A706E /* Assets.xcassets in Resources */ = {isa = PBXBuildFile; fileRef = 2608CEC7218D0D9B008A706E /* Assets.xcassets */; };
		2608CECB218D0D9B008A706E /* LaunchScreen.storyboard in Resources */ = {isa = PBXBuildFile; fileRef = 2608CEC9218D0D9B008A706E /* LaunchScreen.storyboard */; };
/* End PBXBuildFile section */

/* Begin PBXFileReference section */
		2608CEBA218D0D8E008A706E /* CookMania.app */ = {isa = PBXFileReference; explicitFileType = wrapper.application; includeInIndex = 0; path = CookMania.app; sourceTree = BUILT_PRODUCTS_DIR; };
		2608CEBD218D0D8E008A706E /* AppDelegate.swift */ = {isa = PBXFileReference; lastKnownFileType = sourcecode.swift; path = AppDelegate.swift; sourceTree = "<group>"; };
		2608CEBF218D0D8E008A706E /* ViewController.swift */ = {isa = PBXFileReference; lastKnownFileType = sourcecode.swift; path = ViewController.swift; sourceTree = "<group>"; };
		2608CEC2218D0D8E008A706E /* Base */ = {isa = PBXFileReference; lastKnownFileType = file.storyboard; name = Base; path = Base.lproj/Main.storyboard; sourceTree = "<group>"; };
		2608CEC5218D0D8E008A706E /* CookMania.xcdatamodel */ = {isa = PBXFileReference; lastKnownFileType = wrapper.xcdatamodel; path = CookMania.xcdatamodel; sourceTree = "<group>"; };
		2608CEC7218D0D9B008A706E /* Assets.xcassets */ = {isa = PBXFileReference; lastKnownFileType = folder.assetcatalog; path = Assets.xcassets; sourceTree = "<group>"; };
		2608CECA218D0D9B008A706E /* Base */ = {isa = PBXFileReference; lastKnownFileType = file.storyboard; name = Base; path = Base.lproj/LaunchScreen.storyboard; sourceTree = "<group>"; };
		2608CECC218D0D9B008A706E /* Info.plist */ = {isa = PBXFileReference; lastKnownFileType = text.plist.xml; path = Info.plist; sourceTree = "<group>"; };
/* End PBXFileReference section */

/* Begin PBXFrameworksBuildPhase section */
		2608CEB7218D0D8E008A706E /* Frameworks */ = {
			isa = PBXFrameworksBuildPhase;
			buildActionMask = 2147483647;
			files = (
			);
			runOnlyForDeploymentPostprocessing = 0;
		};
/* End PBXFrameworksBuildPhase section */

/* Begin PBXGroup section */
		2608CEB1218D0D8E008A706E = {
			isa = PBXGroup;
			children = (
				2608CEBC218D0D8E008A706E /* CookMania */,
				2608CEBB218D0D8E008A706E /* Products */,
			);
			sourceTree = "<group>";
		};
		2608CEBB218D0D8E008A706E /* Products */ = {
			isa = PBXGroup;
			children = (
				2608CEBA218D0D8E008A706E /* CookMania.app */,
			);
			name = Products;
			sourceTree = "<group>";
		};
		2608CEBC218D0D8E008A706E /* CookMania */ = {
			isa = PBXGroup;
			children = (
				2608CEBD218D0D8E008A706E /* AppDelegate.swift */,
				2608CEBF218D0D8E008A706E /* ViewController.swift */,
				2608CEC1218D0D8E008A706E /* Main.storyboard */,
				2608CEC7218D0D9B008A706E /* Assets.xcassets */,
				2608CEC9218D0D9B008A706E /* LaunchScreen.storyboard */,
				2608CECC218D0D9B008A706E /* Info.plist */,
				2608CEC4218D0D8E008A706E /* CookMania.xcdatamodeld */,
			);
			path = CookMania;
			sourceTree = "<group>";
		};
/* End PBXGroup section */

/* Begin PBXNativeTarget section */
		2608CEB9218D0D8E008A706E /* CookMania */ = {
			isa = PBXNativeTarget;
			buildConfigurationList = 2608CECF218D0D9B008A706E /* Build configuration list for PBXNativeTarget "CookMania" */;
			buildPhases = (
				2608CEB6218D0D8E008A706E /* Sources */,
				2608CEB7218D0D8E008A706E /* Frameworks */,
				2608CEB8218D0D8E008A706E /* Resources */,
			);
			buildRules = (
			);
			dependencies = (
			);
			name = CookMania;
			productName = CookMania;
			productReference = 2608CEBA218D0D8E008A706E /* CookMania.app */;
			productType = "com.apple.product-type.application";
		};
/* End PBXNativeTarget section */

/* Begin PBXProject section */
		2608CEB2218D0D8E008A706E /* Project object */ = {
			isa = PBXProject;
			attributes = {
				LastSwiftUpdateCheck = 1000;
				LastUpgradeCheck = 1000;
				ORGANIZATIONNAME = MiniProjet;
				TargetAttributes = {
					2608CEB9218D0D8E008A706E = {
						CreatedOnToolsVersion = 10.0;
					};
				};
			};
			buildConfigurationList = 2608CEB5218D0D8E008A706E /* Build configuration list for PBXProject "CookMania" */;
			compatibilityVersion = "Xcode 9.3";
			developmentRegion = en;
			hasScannedForEncodings = 0;
			knownRegions = (
				en,
				Base,
			);
			mainGroup = 2608CEB1218D0D8E008A706E;
			productRefGroup = 2608CEBB218D0D8E008A706E /* Products */;
			projectDirPath = "";
			projectRoot = "";
			targets = (
				2608CEB9218D0D8E008A706E /* CookMania */,
			);
		};
/* End PBXProject section */

/* Begin PBXResourcesBuildPhase section */
		2608CEB8218D0D8E008A706E /* Resources */ = {
			isa = PBXResourcesBuildPhase;
			buildActionMask = 2147483647;
			files = (
				2608CECB218D0D9B008A706E /* LaunchScreen.storyboard in Resources */,
				2608CEC8218D0D9B008A706E /* Assets.xcassets in Resources */,
				2608CEC3218D0D8E008A706E /* Main.storyboard in Resources */,
			);
			runOnlyForDeploymentPostprocessing = 0;
		};
/* End PBXResourcesBuildPhase section */

/* Begin PBXSourcesBuildPhase section */
		2608CEB6218D0D8E008A706E /* Sources */ = {
			isa = PBXSourcesBuildPhase;
			buildActionMask = 2147483647;
			files = (
				2608CEC0218D0D8E008A706E /* ViewController.swift in Sources */,
				2608CEBE218D0D8E008A706E /* AppDelegate.swift in Sources */,
				2608CEC6218D0D8E008A706E /* CookMania.xcdatamodeld in Sources */,
			);
			runOnlyForDeploymentPostprocessing = 0;
		};
/* End PBXSourcesBuildPhase section */

/* Begin PBXVariantGroup section */
		2608CEC1218D0D8E008A706E /* Main.storyboard */ = {
			isa = PBXVariantGroup;
			children = (
				2608CEC2218D0D8E008A706E /* Base */,
			);
			name = Main.storyboard;
			sourceTree = "<group>";
		};
		2608CEC9218D0D9B008A706E /* LaunchScreen.storyboard */ = {
			isa = PBXVariantGroup;
			children = (
				2608CECA218D0D9B008A706E /* Base */,
			);
			name = LaunchScreen.storyboard;
			sourceTree = "<group>";
		};
/* End PBXVariantGroup section */

/* Begin XCBuildConfiguration section */
		2608CECD218D0D9B008A706E /* Debug */ = {
			isa = XCBuildConfiguration;
			buildSettings = {
				ALWAYS_SEARCH_USER_PATHS = NO;
				CLANG_ANALYZER_NONNULL = YES;
				CLANG_ANALYZER_NUMBER_OBJECT_CONVERSION = YES_AGGRESSIVE;
				CLANG_CXX_LANGUAGE_STANDARD = "gnu++14";
				CLANG_CXX_LIBRARY = "libc++";
				CLANG_ENABLE_MODULES = YES;
				CLANG_ENABLE_OBJC_ARC = YES;
				CLANG_ENABLE_OBJC_WEAK = YES;
				CLANG_WARN_BLOCK_CAPTURE_AUTORELEASING = YES;
				CLANG_WARN_BOOL_CONVERSION = YES;
				CLANG_WARN_COMMA = YES;
				CLANG_WARN_CONSTANT_CONVERSION = YES;
				CLANG_WARN_DEPRECATED_OBJC_IMPLEMENTATIONS = YES;
				CLANG_WARN_DIRECT_OBJC_ISA_USAGE = YES_ERROR;
				CLANG_WARN_DOCUMENTATION_COMMENTS = YES;
				CLANG_WARN_EMPTY_BODY = YES;
				CLANG_WARN_ENUM_CONVERSION = YES;
				CLANG_WARN_INFINITE_RECURSION = YES;
				CLANG_WARN_INT_CONVERSION = YES;
				CLANG_WARN_NON_LITERAL_NULL_CONVERSION = YES;
				CLANG_WARN_OBJC_IMPLICIT_RETAIN_SELF = YES;
				CLANG_WARN_OBJC_LITERAL_CONVERSION = YES;
				CLANG_WARN_OBJC_ROOT_CLASS = YES_ERROR;
				CLANG_WARN_RANGE_LOOP_ANALYSIS = YES;
				CLANG_WARN_STRICT_PROTOTYPES = YES;
				CLANG_WARN_SUSPICIOUS_MOVE = YES;
				CLANG_WARN_UNGUARDED_AVAILABILITY = YES_AGGRESSIVE;
				CLANG_WARN_UNREACHABLE_CODE = YES;
				CLANG_WARN__DUPLICATE_METHOD_MATCH = YES;
				CODE_SIGN_IDENTITY = "iPhone Developer";
				COPY_PHASE_STRIP = NO;
				DEBUG_INFORMATION_FORMAT = dwarf;
				ENABLE_STRICT_OBJC_MSGSEND = YES;
				ENABLE_TESTABILITY = YES;
				GCC_C_LANGUAGE_STANDARD = gnu11;
				GCC_DYNAMIC_NO_PIC = NO;
				GCC_NO_COMMON_BLOCKS = YES;
				GCC_OPTIMIZATION_LEVEL = 0;
				GCC_PREPROCESSOR_DEFINITIONS = (
					"DEBUG=1",
					"$(inherited)",
				);
				GCC_WARN_64_TO_32_BIT_CONVERSION = YES;
				GCC_WARN_ABOUT_RETURN_TYPE = YES_ERROR;
				GCC_WARN_UNDECLARED_SELECTOR = YES;
				GCC_WARN_UNINITIALIZED_AUTOS = YES_AGGRESSIVE;
				GCC_WARN_UNUSED_FUNCTION = YES;
				GCC_WARN_UNUSED_VARIABLE = YES;
				IPHONEOS_DEPLOYMENT_TARGET = 12.0;
				MTL_ENABLE_DEBUG_INFO = INCLUDE_SOURCE;
				MTL_FAST_MATH = YES;
				ONLY_ACTIVE_ARCH = YES;
				SDKROOT = iphoneos;
				SWIFT_ACTIVE_COMPILATION_CONDITIONS = DEBUG;
				SWIFT_OPTIMIZATION_LEVEL = "-Onone";
			};
			name = Debug;
		};
		2608CECE218D0D9B008A706E /* Release */ = {
			isa = XCBuildConfiguration;
			buildSettings = {
				ALWAYS_SEARCH_USER_PATHS = NO;
				CLANG_ANALYZER_NONNULL = YES;
				CLANG_ANALYZER_NUMBER_OBJECT_CONVERSION = YES_AGGRESSIVE;
				CLANG_CXX_LANGUAGE_STANDARD = "gnu++14";
				CLANG_CXX_LIBRARY = "libc++";
				CLANG_ENABLE_MODULES = YES;
				CLANG_ENABLE_OBJC_ARC = YES;
				CLANG_ENABLE_OBJC_WEAK = YES;
				CLANG_WARN_BLOCK_CAPTURE_AUTORELEASING = YES;
				CLANG_WARN_BOOL_CONVERSION = YES;
				CLANG_WARN_COMMA = YES;
				CLANG_WARN_CONSTANT_CONVERSION = YES;
				CLANG_WARN_DEPRECATED_OBJC_IMPLEMENTATIONS = YES;
				CLANG_WARN_DIRECT_OBJC_ISA_USAGE = YES_ERROR;
				CLANG_WARN_DOCUMENTATION_COMMENTS = YES;
				CLANG_WARN_EMPTY_BODY = YES;
				CLANG_WARN_ENUM_CONVERSION = YES;
				CLANG_WARN_INFINITE_RECURSION = YES;
				CLANG_WARN_INT_CONVERSION = YES;
				CLANG_WARN_NON_LITERAL_NULL_CONVERSION = YES;
				CLANG_WARN_OBJC_IMPLICIT_RETAIN_SELF = YES;
				CLANG_WARN_OBJC_LITERAL_CONVERSION = YES;
				CLANG_WARN_OBJC_ROOT_CLASS = YES_ERROR;
				CLANG_WARN_RANGE_LOOP_ANALYSIS = YES;
				CLANG_WARN_STRICT_PROTOTYPES = YES;
				CLANG_WARN_SUSPICIOUS_MOVE = YES;
				CLANG_WARN_UNGUARDED_AVAILABILITY = YES_AGGRESSIVE;
				CLANG_WARN_UNREACHABLE_CODE = YES;
				CLANG_WARN__DUPLICATE_METHOD_MATCH = YES;
				CODE_SIGN_IDENTITY = "iPhone Developer";
				COPY_PHASE_STRIP = NO;
				DEBUG_INFORMATION_FORMAT = "dwarf-with-dsym";
				ENABLE_NS_ASSERTIONS = NO;
				ENABLE_STRICT_OBJC_MSGSEND = YES;
				GCC_C_LANGUAGE_STANDARD = gnu11;
				GCC_NO_COMMON_BLOCKS = YES;
				GCC_WARN_64_TO_32_BIT_CONVERSION = YES;
				GCC_WARN_ABOUT_RETURN_TYPE = YES_ERROR;
				GCC_WARN_UNDECLARED_SELECTOR = YES;
				GCC_WARN_UNINITIALIZED_AUTOS = YES_AGGRESSIVE;
				GCC_WARN_UNUSED_FUNCTION = YES;
				GCC_WARN_UNUSED_VARIABLE = YES;
				IPHONEOS_DEPLOYMENT_TARGET = 12.0;
				MTL_ENABLE_DEBUG_INFO = NO;
				MTL_FAST_MATH = YES;
				SDKROOT = iphoneos;
				SWIFT_COMPILATION_MODE = wholemodule;
				SWIFT_OPTIMIZATION_LEVEL = "-O";
				VALIDATE_PRODUCT = YES;
			};
			name = Release;
		};
		2608CED0218D0D9B008A706E /* Debug */ = {
			isa = XCBuildConfiguration;
			buildSettings = {
				ASSETCATALOG_COMPILER_APPICON_NAME = AppIcon;
				CODE_SIGN_STYLE = Automatic;
				INFOPLIST_FILE = CookMania/Info.plist;
				LD_RUNPATH_SEARCH_PATHS = (
					"$(inherited)",
					"@executable_path/Frameworks",
				);
				PRODUCT_BUNDLE_IDENTIFIER = "com.elyes-seif.products.CookMania";
				PRODUCT_NAME = "$(TARGET_NAME)";
				SWIFT_VERSION = 4.2;
				TARGETED_DEVICE_FAMILY = "1,2";
			};
			name = Debug;
		};
		2608CED1218D0D9B008A706E /* Release */ = {
			isa = XCBuildConfiguration;
			buildSettings = {
				ASSETCATALOG_COMPILER_APPICON_NAME = AppIcon;
				CODE_SIGN_STYLE = Automatic;
				INFOPLIST_FILE = CookMania/Info.plist;
				LD_RUNPATH_SEARCH_PATHS = (
					"$(inherited)",
					"@executable_path/Frameworks",
				);
				PRODUCT_BUNDLE_IDENTIFIER = "com.elyes-seif.products.CookMania";
				PRODUCT_NAME = "$(TARGET_NAME)";
				SWIFT_VERSION = 4.2;
				TARGETED_DEVICE_FAMILY = "1,2";
			};
			name = Release;
		};
/* End XCBuildConfiguration section */

/* Begin XCConfigurationList section */
		2608CEB5218D0D8E008A706E /* Build configuration list for PBXProject "CookMania" */ = {
			isa = XCConfigurationList;
			buildConfigurations = (
				2608CECD218D0D9B008A706E /* Debug */,
				2608CECE218D0D9B008A706E /* Release */,
			);
			defaultConfigurationIsVisible = 0;
			defaultConfigurationName = Release;
		};
		2608CECF218D0D9B008A706E /* Build configuration list for PBXNativeTarget "CookMania" */ = {
			isa = XCConfigurationList;
			buildConfigurations = (
				2608CED0218D0D9B008A706E /* Debug */,
				2608CED1218D0D9B008A706E /* Release */,
			);
			defaultConfigurationIsVisible = 0;
			defaultConfigurationName = Release;
		};
/* End XCConfigurationList section */

/* Begin XCVersionGroup section */
		2608CEC4218D0D8E008A706E /* CookMania.xcdatamodeld */ = {
			isa = XCVersionGroup;
			children = (
				2608CEC5218D0D8E008A706E /* CookMania.xcdatamodel */,
			);
			currentVersion = 2608CEC5218D0D8E008A706E /* CookMania.xcdatamodel */;
			path = CookMania.xcdatamodeld;
			sourceTree = "<group>";
			versionGroupType = wrapper.xcdatamodel;
		};
/* End XCVersionGroup section */
	};
	rootObject = 2608CEB2218D0D8E008A706E /* Project object */;
}
